
Microsoft Visual Studio Solution File, Format Version 12.00
# Visual Studio 15
VisualStudioVersion = 15.0.26430.6
MinimumVisualStudioVersion = 10.0.40219.1
Project("{9A19103F-16F7-4668-BE54-9A1E7A4F7556}") = "MMALSharp", "src\MMALSharp\MMALSharp.csproj", "{5B03E4B4-13AA-4EC8-8FD3-9DAA176EAA70}"
	ProjectSection(ProjectDependencies) = postProject
		{D8CA0BC9-CA3B-4EC1-9898-542A6F5346F8} = {D8CA0BC9-CA3B-4EC1-9898-542A6F5346F8}
	EndProjectSection
EndProject
Project("{9A19103F-16F7-4668-BE54-9A1E7A4F7556}") = "MMALSharp.FFmpeg", "src\MMALSharp.FFmpeg\MMALSharp.FFmpeg.csproj", "{8F2E7EDB-4533-4FC5-A8AA-17F11302CC84}"
	ProjectSection(ProjectDependencies) = postProject
		{D8CA0BC9-CA3B-4EC1-9898-542A6F5346F8} = {D8CA0BC9-CA3B-4EC1-9898-542A6F5346F8}
	EndProjectSection
EndProject
Project("{9A19103F-16F7-4668-BE54-9A1E7A4F7556}") = "MMALSharp.Common", "src\MMALSharp.Common\MMALSharp.Common.csproj", "{D8CA0BC9-CA3B-4EC1-9898-542A6F5346F8}"
EndProject
Project("{2150E333-8FDC-42A3-9474-1A3956D46DE8}") = "src", "src", "{46D98B04-9F36-4CA0-AE5F-0FE76727DB71}"
EndProject
Project("{2150E333-8FDC-42A3-9474-1A3956D46DE8}") = "tests", "tests", "{B332E50B-EDCA-477C-BAE7-2E30DBCC9AA7}"
EndProject
Project("{9A19103F-16F7-4668-BE54-9A1E7A4F7556}") = "MMALSharp.Tests", "tests\MMALSharp.Tests\MMALSharp.Tests.csproj", "{8292FB10-A8DF-4B00-A6F1-F314918770B2}"
	ProjectSection(ProjectDependencies) = postProject
		{5B03E4B4-13AA-4EC8-8FD3-9DAA176EAA70} = {5B03E4B4-13AA-4EC8-8FD3-9DAA176EAA70}
		{D8CA0BC9-CA3B-4EC1-9898-542A6F5346F8} = {D8CA0BC9-CA3B-4EC1-9898-542A6F5346F8}
	EndProjectSection
EndProject
Project("{9A19103F-16F7-4668-BE54-9A1E7A4F7556}") = "MMALSharp.Tests.FFmpeg", "tests\MMALSharp.Tests.FFmpeg\MMALSharp.Tests.FFmpeg.csproj", "{2FD85F88-F016-428D-BEB9-2E82309BA258}"
	ProjectSection(ProjectDependencies) = postProject
		{5B03E4B4-13AA-4EC8-8FD3-9DAA176EAA70} = {5B03E4B4-13AA-4EC8-8FD3-9DAA176EAA70}
		{D8CA0BC9-CA3B-4EC1-9898-542A6F5346F8} = {D8CA0BC9-CA3B-4EC1-9898-542A6F5346F8}
		{8F2E7EDB-4533-4FC5-A8AA-17F11302CC84} = {8F2E7EDB-4533-4FC5-A8AA-17F11302CC84}
	EndProjectSection
EndProject
Project("{2150E333-8FDC-42A3-9474-1A3956D46DE8}") = "build", "build", "{DB54AD93-6E87-4845-BEF4-00223219E73A}"
	ProjectSection(SolutionItems) = preProject
		build\MMALSharp.Common.props = build\MMALSharp.Common.props
		build\MMALSharp.FFmpeg.props = build\MMALSharp.FFmpeg.props
		build\MMALSharp.props = build\MMALSharp.props
	EndProjectSection
EndProject
Global
	GlobalSection(SolutionConfigurationPlatforms) = preSolution
		Debug|Any CPU = Debug|Any CPU
		Release|Any CPU = Release|Any CPU
	EndGlobalSection
	GlobalSection(ProjectConfigurationPlatforms) = postSolution
		{5B03E4B4-13AA-4EC8-8FD3-9DAA176EAA70}.Debug|Any CPU.ActiveCfg = Debug|Any CPU
		{5B03E4B4-13AA-4EC8-8FD3-9DAA176EAA70}.Debug|Any CPU.Build.0 = Debug|Any CPU
		{5B03E4B4-13AA-4EC8-8FD3-9DAA176EAA70}.Release|Any CPU.ActiveCfg = Release|Any CPU
		{5B03E4B4-13AA-4EC8-8FD3-9DAA176EAA70}.Release|Any CPU.Build.0 = Release|Any CPU
		{8F2E7EDB-4533-4FC5-A8AA-17F11302CC84}.Debug|Any CPU.ActiveCfg = Debug|Any CPU
		{8F2E7EDB-4533-4FC5-A8AA-17F11302CC84}.Debug|Any CPU.Build.0 = Debug|Any CPU
		{8F2E7EDB-4533-4FC5-A8AA-17F11302CC84}.Release|Any CPU.ActiveCfg = Release|Any CPU
		{8F2E7EDB-4533-4FC5-A8AA-17F11302CC84}.Release|Any CPU.Build.0 = Release|Any CPU
		{D8CA0BC9-CA3B-4EC1-9898-542A6F5346F8}.Debug|Any CPU.ActiveCfg = Debug|Any CPU
		{D8CA0BC9-CA3B-4EC1-9898-542A6F5346F8}.Debug|Any CPU.Build.0 = Debug|Any CPU
		{D8CA0BC9-CA3B-4EC1-9898-542A6F5346F8}.Release|Any CPU.ActiveCfg = Release|Any CPU
		{D8CA0BC9-CA3B-4EC1-9898-542A6F5346F8}.Release|Any CPU.Build.0 = Release|Any CPU
		{8292FB10-A8DF-4B00-A6F1-F314918770B2}.Debug|Any CPU.ActiveCfg = Debug|Any CPU
		{8292FB10-A8DF-4B00-A6F1-F314918770B2}.Debug|Any CPU.Build.0 = Debug|Any CPU
		{8292FB10-A8DF-4B00-A6F1-F314918770B2}.Release|Any CPU.ActiveCfg = Release|Any CPU
		{8292FB10-A8DF-4B00-A6F1-F314918770B2}.Release|Any CPU.Build.0 = Release|Any CPU
		{2FD85F88-F016-428D-BEB9-2E82309BA258}.Debug|Any CPU.ActiveCfg = Debug|Any CPU
		{2FD85F88-F016-428D-BEB9-2E82309BA258}.Debug|Any CPU.Build.0 = Debug|Any CPU
		{2FD85F88-F016-428D-BEB9-2E82309BA258}.Release|Any CPU.ActiveCfg = Release|Any CPU
		{2FD85F88-F016-428D-BEB9-2E82309BA258}.Release|Any CPU.Build.0 = Release|Any CPU
	EndGlobalSection
	GlobalSection(SolutionProperties) = preSolution
		HideSolutionNode = FALSE
	EndGlobalSection
	GlobalSection(NestedProjects) = preSolution
		{5B03E4B4-13AA-4EC8-8FD3-9DAA176EAA70} = {46D98B04-9F36-4CA0-AE5F-0FE76727DB71}
		{8F2E7EDB-4533-4FC5-A8AA-17F11302CC84} = {46D98B04-9F36-4CA0-AE5F-0FE76727DB71}
		{D8CA0BC9-CA3B-4EC1-9898-542A6F5346F8} = {46D98B04-9F36-4CA0-AE5F-0FE76727DB71}
		{8292FB10-A8DF-4B00-A6F1-F314918770B2} = {B332E50B-EDCA-477C-BAE7-2E30DBCC9AA7}
		{2FD85F88-F016-428D-BEB9-2E82309BA258} = {B332E50B-EDCA-477C-BAE7-2E30DBCC9AA7}
	EndGlobalSection
EndGlobal
