
Microsoft Visual Studio Solution File, Format Version 12.00
# Visual Studio 15
VisualStudioVersion = 15.0.27130.2036
MinimumVisualStudioVersion = 10.0.40219.1
Project("{9A19103F-16F7-4668-BE54-9A1E7A4F7556}") = "MMALSharp", "src\MMALSharp\MMALSharp.csproj", "{5B03E4B4-13AA-4EC8-8FD3-9DAA176EAA70}"
EndProject
Project("{9A19103F-16F7-4668-BE54-9A1E7A4F7556}") = "MMALSharp.FFmpeg", "src\MMALSharp.FFmpeg\MMALSharp.FFmpeg.csproj", "{8F2E7EDB-4533-4FC5-A8AA-17F11302CC84}"
EndProject
Project("{9A19103F-16F7-4668-BE54-9A1E7A4F7556}") = "MMALSharp.Common", "src\MMALSharp.Common\MMALSharp.Common.csproj", "{D8CA0BC9-CA3B-4EC1-9898-542A6F5346F8}"
EndProject
Project("{9A19103F-16F7-4668-BE54-9A1E7A4F7556}") = "MMALSharp.Processing", "src\MMALSharp.Processing\MMALSharp.Processing.csproj", "{E4A50F59-E07B-4549-8D69-42C7D670F7A3}"
EndProject
Project("{2150E333-8FDC-42A3-9474-1A3956D46DE8}") = "src", "src", "{46D98B04-9F36-4CA0-AE5F-0FE76727DB71}"
EndProject
Project("{2150E333-8FDC-42A3-9474-1A3956D46DE8}") = "tests", "tests", "{B332E50B-EDCA-477C-BAE7-2E30DBCC9AA7}"
EndProject
Project("{9A19103F-16F7-4668-BE54-9A1E7A4F7556}") = "MMALSharp.Tests", "tests\MMALSharp.Tests\MMALSharp.Tests.csproj", "{8292FB10-A8DF-4B00-A6F1-F314918770B2}"
	ProjectSection(ProjectDependencies) = postProject
		{5B03E4B4-13AA-4EC8-8FD3-9DAA176EAA70} = {5B03E4B4-13AA-4EC8-8FD3-9DAA176EAA70}
		{D8CA0BC9-CA3B-4EC1-9898-542A6F5346F8} = {D8CA0BC9-CA3B-4EC1-9898-542A6F5346F8}
	EndProjectSection
EndProject
Project("{9A19103F-16F7-4668-BE54-9A1E7A4F7556}") = "MMALSharp.Demo", "src\MMALSharp.Demo\MMALSharp.Demo.csproj", "{E85C6E08-9410-4A32-BC31-B57E407A77CD}"
EndProject
Global
	GlobalSection(SolutionConfigurationPlatforms) = preSolution
		Debug|Any CPU = Debug|Any CPU
		Release|Any CPU = Release|Any CPU
	EndGlobalSection
	GlobalSection(ProjectConfigurationPlatforms) = postSolution
		{5B03E4B4-13AA-4EC8-8FD3-9DAA176EAA70}.Debug|Any CPU.ActiveCfg = Debug|Any CPU
		{5B03E4B4-13AA-4EC8-8FD3-9DAA176EAA70}.Debug|Any CPU.Build.0 = Debug|Any CPU
		{5B03E4B4-13AA-4EC8-8FD3-9DAA176EAA70}.Release|Any CPU.ActiveCfg = Release|Any CPU
		{5B03E4B4-13AA-4EC8-8FD3-9DAA176EAA70}.Release|Any CPU.Build.0 = Release|Any CPU
		{8F2E7EDB-4533-4FC5-A8AA-17F11302CC84}.Debug|Any CPU.ActiveCfg = Debug|Any CPU
		{8F2E7EDB-4533-4FC5-A8AA-17F11302CC84}.Debug|Any CPU.Build.0 = Debug|Any CPU
		{8F2E7EDB-4533-4FC5-A8AA-17F11302CC84}.Release|Any CPU.ActiveCfg = Release|Any CPU
		{8F2E7EDB-4533-4FC5-A8AA-17F11302CC84}.Release|Any CPU.Build.0 = Release|Any CPU
		{D8CA0BC9-CA3B-4EC1-9898-542A6F5346F8}.Debug|Any CPU.ActiveCfg = Debug|Any CPU
		{D8CA0BC9-CA3B-4EC1-9898-542A6F5346F8}.Debug|Any CPU.Build.0 = Debug|Any CPU
		{D8CA0BC9-CA3B-4EC1-9898-542A6F5346F8}.Release|Any CPU.ActiveCfg = Release|Any CPU
		{D8CA0BC9-CA3B-4EC1-9898-542A6F5346F8}.Release|Any CPU.Build.0 = Release|Any CPU
		{E4A50F59-E07B-4549-8D69-42C7D670F7A3}.Debug|Any CPU.ActiveCfg = Debug|Any CPU
		{E4A50F59-E07B-4549-8D69-42C7D670F7A3}.Debug|Any CPU.Build.0 = Debug|Any CPU
		{E4A50F59-E07B-4549-8D69-42C7D670F7A3}.Release|Any CPU.ActiveCfg = Release|Any CPU
		{E4A50F59-E07B-4549-8D69-42C7D670F7A3}.Release|Any CPU.Build.0 = Release|Any CPU
		{8292FB10-A8DF-4B00-A6F1-F314918770B2}.Debug|Any CPU.ActiveCfg = Debug|Any CPU
		{8292FB10-A8DF-4B00-A6F1-F314918770B2}.Debug|Any CPU.Build.0 = Debug|Any CPU
		{8292FB10-A8DF-4B00-A6F1-F314918770B2}.Release|Any CPU.ActiveCfg = Release|Any CPU
		{8292FB10-A8DF-4B00-A6F1-F314918770B2}.Release|Any CPU.Build.0 = Release|Any CPU
		{E85C6E08-9410-4A32-BC31-B57E407A77CD}.Debug|Any CPU.ActiveCfg = Debug|Any CPU
		{E85C6E08-9410-4A32-BC31-B57E407A77CD}.Release|Any CPU.ActiveCfg = Release|Any CPU
		{E85C6E08-9410-4A32-BC31-B57E407A77CD}.Release|Any CPU.Build.0 = Release|Any CPU
	EndGlobalSection
	GlobalSection(SolutionProperties) = preSolution
		HideSolutionNode = FALSE
	EndGlobalSection
	GlobalSection(NestedProjects) = preSolution
		{5B03E4B4-13AA-4EC8-8FD3-9DAA176EAA70} = {46D98B04-9F36-4CA0-AE5F-0FE76727DB71}
		{8F2E7EDB-4533-4FC5-A8AA-17F11302CC84} = {46D98B04-9F36-4CA0-AE5F-0FE76727DB71}
		{D8CA0BC9-CA3B-4EC1-9898-542A6F5346F8} = {46D98B04-9F36-4CA0-AE5F-0FE76727DB71}
		{E4A50F59-E07B-4549-8D69-42C7D670F7A3} = {46D98B04-9F36-4CA0-AE5F-0FE76727DB71}
		{8292FB10-A8DF-4B00-A6F1-F314918770B2} = {B332E50B-EDCA-477C-BAE7-2E30DBCC9AA7}
		{E85C6E08-9410-4A32-BC31-B57E407A77CD} = {46D98B04-9F36-4CA0-AE5F-0FE76727DB71}
	EndGlobalSection
	GlobalSection(ExtensibilityGlobals) = postSolution
		SolutionGuid = {6F8B5969-ECC2-42A4-BA63-237CB1CDF270}
	EndGlobalSection
EndGlobal
